# THIS IS AN AUTOGENERATED FILE. DO NOT EDIT THIS FILE DIRECTLY.
# yarn lockfile v1


"3d-core-raub@^3.6.0":
  version "3.6.0"
  resolved "https://registry.yarnpkg.com/3d-core-raub/-/3d-core-raub-3.6.0.tgz#237cdc0ba2f51f9c7f162c794d77578f3fd2ccee"
  integrity sha512-uO7AUPEw2Pmm5W/FOtI2dsID1rqJpjEe6DinbkhTssS8Pno9NqTy4B8MlhY2ueBwVH4WiJHWK1FW5DvMVs8PAg==
  dependencies:
    addon-tools-raub "5.3.x"
    glfw-raub "4.6.x"
    image-raub "3.2.x"
    three "0.128.x"
    webgl-raub "2.2.x"

addon-tools-raub@5.3.x:
  version "5.3.4"
  resolved "https://registry.yarnpkg.com/addon-tools-raub/-/addon-tools-raub-5.3.4.tgz#f31eae6cbe8456cef77016bb32e432347eca4578"
  integrity sha512-oSy60K+ldudeoAtEDor3lN7ja0zWvH7cVlaf26GdxLSCp6RSDeiuOAV8tRagQ4+y5xEoN7LPhuTHI30ncpHubQ==
  dependencies:
    adm-zip "0.5.4"
    node-addon-api "3.1.0"

adm-zip@0.5.4:
  version "0.5.4"
  resolved "https://registry.yarnpkg.com/adm-zip/-/adm-zip-0.5.4.tgz#af1f08c92cf9aa21b525231bce340fbdc39bd265"
  integrity sha512-GMQg1a1cAegh+/EgWbz+XHZrwB467iB/IgtToldvxs7Xa5Br8mPmvCeRfY/Un2fLzrlIPt6Yu7Cej+8Ut9TGPg==

axios@^0.24.0:
  version "0.24.0"
  resolved "https://registry.yarnpkg.com/axios/-/axios-0.24.0.tgz#804e6fa1e4b9c5288501dd9dff56a7a0940d20d6"
  integrity sha512-Q6cWsys88HoPgAaFAVUb0WpPk0O8iTeisR9IMqy9G8AbO4NlpVknrnQS03zzF9PGAWgO3cgletO3VjV/P7VztA==
  dependencies:
    follow-redirects "^1.14.4"

deps-freeimage-raub@3.0.x:
  version "3.0.0"
  resolved "https://registry.yarnpkg.com/deps-freeimage-raub/-/deps-freeimage-raub-3.0.0.tgz#b11c5157f8046ab69fd6511174895a1717c20a8d"
  integrity sha512-LaFR6S4HmFZnA+mMQxUxsuzhV2WVoN3yuhnOzU7ENBFe7ruScRgG+FIRFs3vrPTY5e3kkDdDUiTZS5vufNADnQ==
  dependencies:
    addon-tools-raub "5.3.x"

deps-opengl-raub@4.0.x:
  version "4.0.0"
  resolved "https://registry.yarnpkg.com/deps-opengl-raub/-/deps-opengl-raub-4.0.0.tgz#e407ff9c7e6b3e402a56aff74ab4d2d34823b5b7"
  integrity sha512-RfVxhts8VcG/sRykNw0Du3R6vLZUwHT4wxnqWw0ih2x/tGVDsE0K9peN/JdXbrOXAg1SU3A2vJA1NJIWO0ruQA==
  dependencies:
    addon-tools-raub "5.3.x"

follow-redirects@^1.14.4:
  version "1.14.6"
  resolved "https://registry.yarnpkg.com/follow-redirects/-/follow-redirects-1.14.6.tgz#8cfb281bbc035b3c067d6cd975b0f6ade6e855cd"
  integrity sha512-fhUl5EwSJbbl8AR+uYL2KQDxLkdSjZGR36xy46AO7cOMTrCMON6Sa28FmAnC2tRTDbd/Uuzz3aJBv7EBN7JH8A==

glfw-raub@4.6.x:
  version "4.6.2"
  resolved "https://registry.yarnpkg.com/glfw-raub/-/glfw-raub-4.6.2.tgz#25d0859fef4ffd55088070194a7c937284cca7c2"
  integrity sha512-WvvXFWJqdOPV7N/LvD/ttfkB4Uc7+zzsDl1oEdHwgWLGxLEjlGTaQEguAw8dsRzuS0AfjjaSnDf7RmFXY0KJjw==
  dependencies:
    addon-tools-raub "5.3.x"
    deps-opengl-raub "4.0.x"
    segfault-raub "1.2.x"

image-raub@3.2.x:
  version "3.2.0"
  resolved "https://registry.yarnpkg.com/image-raub/-/image-raub-3.2.0.tgz#f6ca6669bc6c9faf765d4b701e8a8d5f37961683"
  integrity sha512-O+jy5zAbbpe7zALDqo9snVlFbmdnpZYAOGwrSxSuKd7fEduknSo8sjmZT5fPvoEQ9Tfs7hgoKtomSqWMDv+2QQ==
  dependencies:
    addon-tools-raub "5.3.x"
    deps-freeimage-raub "3.0.x"
    segfault-raub "1.2.x"

node-addon-api@3.1.0:
  version "3.1.0"
  resolved "https://registry.yarnpkg.com/node-addon-api/-/node-addon-api-3.1.0.tgz#98b21931557466c6729e51cb77cd39c965f42239"
  integrity sha512-flmrDNB06LIl5lywUz7YlNGZH/5p0M7W28k8hzd9Lshtdh1wshD2Y+U4h9LD6KObOy1f+fEVdgprPrEymjM5uw==

pngjs@^6.0.0:
  version "6.0.0"
  resolved "https://registry.yarnpkg.com/pngjs/-/pngjs-6.0.0.tgz#ca9e5d2aa48db0228a52c419c3308e87720da821"
  integrity sha512-TRzzuFRRmEoSW/p1KVAmiOgPco2Irlah+bGFCeNfJXxxYGwSw7YwAOAcd7X28K/m5bjBWKsC29KyoMfHbypayg==

segfault-raub@1.2.x:
  version "1.2.0"
  resolved "https://registry.yarnpkg.com/segfault-raub/-/segfault-raub-1.2.0.tgz#211a88c8cfe6c8b516e3fb4630f1ea5a14ee31b8"
  integrity sha512-svVLBl+CdOBxrgLSSSkVIJoaF30PapQ58H8zixiOkGnLWuRiruNji/dq7jHyX3HfR52xS5FHpd1SOMAjE/L9Bw==
  dependencies:
    addon-tools-raub "5.3.x"

three@0.128.x:
  version "0.128.0"
  resolved "https://registry.yarnpkg.com/three/-/three-0.128.0.tgz#884dacca6a330e45600a09ec5439283f50b76aa6"
  integrity sha512-i0ap/E+OaSfzw7bD1TtYnPo3VEplkl70WX5fZqZnfZsE3k3aSFudqrrC9ldFZfYFkn1zwDmBcdGfiIm/hnbyZA==

webgl-raub@2.2.x:
  version "2.2.6"
  resolved "https://registry.yarnpkg.com/webgl-raub/-/webgl-raub-2.2.6.tgz#156e23aa38661aefbc866ef8f25f7980c097359e"
  integrity sha512-a/a3gTxFBrtB6BWUS+RkpeiIkQpnFRp8JTig4rspWsREWfGzCBNHfde7e4rNpjRRqTS+Jo6Ehz2CIOkMgVOL3Q==
  dependencies:
    addon-tools-raub "5.3.x"
    deps-opengl-raub "4.0.x"
    segfault-raub "1.2.x"
